
Microsoft Visual Studio Solution File, Format Version 12.00
# Visual Studio 15
VisualStudioVersion = 15.0.28307.572
MinimumVisualStudioVersion = 10.0.40219.1
Project("{FAE04EC0-301F-11D3-BF4B-00C04F79EFBC}") = "Videos", "Videos\Videos.csproj", "{D77833E7-48A1-40DD-89B8-132D2C216FCB}"
EndProject
Global
	GlobalSection(SolutionConfigurationPlatforms) = preSolution
		Debug|Any CPU = Debug|Any CPU
		Release|Any CPU = Release|Any CPU
		UAT|Any CPU = UAT|Any CPU
	EndGlobalSection
	GlobalSection(ProjectConfigurationPlatforms) = postSolution
		{D77833E7-48A1-40DD-89B8-132D2C216FCB}.Debug|Any CPU.ActiveCfg = Debug|Any CPU
		{D77833E7-48A1-40DD-89B8-132D2C216FCB}.Debug|Any CPU.Build.0 = Debug|Any CPU
		{D77833E7-48A1-40DD-89B8-132D2C216FCB}.Release|Any CPU.ActiveCfg = Release|Any CPU
		{D77833E7-48A1-40DD-89B8-132D2C216FCB}.Release|Any CPU.Build.0 = Release|Any CPU
		{D77833E7-48A1-40DD-89B8-132D2C216FCB}.UAT|Any CPU.ActiveCfg = UAT|Any CPU
		{D77833E7-48A1-40DD-89B8-132D2C216FCB}.UAT|Any CPU.Build.0 = UAT|Any CPU
	EndGlobalSection
	GlobalSection(SolutionProperties) = preSolution
		HideSolutionNode = FALSE
	EndGlobalSection
	GlobalSection(ExtensibilityGlobals) = postSolution
		SolutionGuid = {CE24AB58-7252-4B95-9AF3-32CC91338859}
	EndGlobalSection
EndGlobal
